// !$*UTF8*$!
{
	archiveVersion = 1;
	classes = {
	};
	objectVersion = 46;
	objects = {

/* Begin PBXBuildFile section */
		B82D333A1E5E90DB0067A9AB /* Post.swift in Sources */ = {isa = PBXBuildFile; fileRef = B82D33391E5E90DB0067A9AB /* Post.swift */; };
		B82D333C1E61319B0067A9AB /* PostCell.swift in Sources */ = {isa = PBXBuildFile; fileRef = B82D333B1E61319B0067A9AB /* PostCell.swift */; };
		B82D333E1E613C880067A9AB /* PostVC.swift in Sources */ = {isa = PBXBuildFile; fileRef = B82D333D1E613C880067A9AB /* PostVC.swift */; };
		B82D335F1E64E6310067A9AB /* DataServices.swift in Sources */ = {isa = PBXBuildFile; fileRef = B82D335E1E64E6310067A9AB /* DataServices.swift */; };
		B8871BB91E5E87FD0014F011 /* AppDelegate.swift in Sources */ = {isa = PBXBuildFile; fileRef = B8871BB81E5E87FD0014F011 /* AppDelegate.swift */; };
		B8871BBB1E5E87FD0014F011 /* ViewController.swift in Sources */ = {isa = PBXBuildFile; fileRef = B8871BBA1E5E87FD0014F011 /* ViewController.swift */; };
		B8871BBE1E5E87FD0014F011 /* Main.storyboard in Resources */ = {isa = PBXBuildFile; fileRef = B8871BBC1E5E87FD0014F011 /* Main.storyboard */; };
		B8871BC01E5E87FD0014F011 /* Assets.xcassets in Resources */ = {isa = PBXBuildFile; fileRef = B8871BBF1E5E87FD0014F011 /* Assets.xcassets */; };
		B8871BC31E5E87FD0014F011 /* LaunchScreen.storyboard in Resources */ = {isa = PBXBuildFile; fileRef = B8871BC11E5E87FD0014F011 /* LaunchScreen.storyboard */; };
/* End PBXBuildFile section */

/* Begin PBXFileReference section */
		B82D33391E5E90DB0067A9AB /* Post.swift */ = {isa = PBXFileReference; fileEncoding = 4; lastKnownFileType = sourcecode.swift; path = Post.swift; sourceTree = "<group>"; };
		B82D333B1E61319B0067A9AB /* PostCell.swift */ = {isa = PBXFileReference; fileEncoding = 4; lastKnownFileType = sourcecode.swift; path = PostCell.swift; sourceTree = "<group>"; };
		B82D333D1E613C880067A9AB /* PostVC.swift */ = {isa = PBXFileReference; fileEncoding = 4; lastKnownFileType = sourcecode.swift; path = PostVC.swift; sourceTree = "<group>"; };
		B82D335E1E64E6310067A9AB /* DataServices.swift */ = {isa = PBXFileReference; fileEncoding = 4; lastKnownFileType = sourcecode.swift; path = DataServices.swift; sourceTree = "<group>"; };
		B8871BB51E5E87FC0014F011 /* BucketList_NSUserDefaults_X8.app */ = {isa = PBXFileReference; explicitFileType = wrapper.application; includeInIndex = 0; path = BucketList_NSUserDefaults_X8.app; sourceTree = BUILT_PRODUCTS_DIR; };
		B8871BB81E5E87FD0014F011 /* AppDelegate.swift */ = {isa = PBXFileReference; lastKnownFileType = sourcecode.swift; path = AppDelegate.swift; sourceTree = "<group>"; };
		B8871BBA1E5E87FD0014F011 /* ViewController.swift */ = {isa = PBXFileReference; lastKnownFileType = sourcecode.swift; path = ViewController.swift; sourceTree = "<group>"; };
		B8871BBD1E5E87FD0014F011 /* Base */ = {isa = PBXFileReference; lastKnownFileType = file.storyboard; name = Base; path = Base.lproj/Main.storyboard; sourceTree = "<group>"; };
		B8871BBF1E5E87FD0014F011 /* Assets.xcassets */ = {isa = PBXFileReference; lastKnownFileType = folder.assetcatalog; path = Assets.xcassets; sourceTree = "<group>"; };
		B8871BC21E5E87FD0014F011 /* Base */ = {isa = PBXFileReference; lastKnownFileType = file.storyboard; name = Base; path = Base.lproj/LaunchScreen.storyboard; sourceTree = "<group>"; };
		B8871BC41E5E87FD0014F011 /* Info.plist */ = {isa = PBXFileReference; lastKnownFileType = text.plist.xml; path = Info.plist; sourceTree = "<group>"; };
/* End PBXFileReference section */

/* Begin PBXFrameworksBuildPhase section */
		B8871BB21E5E87FC0014F011 /* Frameworks */ = {
			isa = PBXFrameworksBuildPhase;
			buildActionMask = 2147483647;
			files = (
			);
			runOnlyForDeploymentPostprocessing = 0;
		};
/* End PBXFrameworksBuildPhase section */

/* Begin PBXGroup section */
		B82D33361E5E908F0067A9AB /* Controller */ = {
			isa = PBXGroup;
			children = (
				B8871BBA1E5E87FD0014F011 /* ViewController.swift */,
				B82D333D1E613C880067A9AB /* PostVC.swift */,
			);
			name = Controller;
			sourceTree = "<group>";
		};
		B82D33371E5E90960067A9AB /* View */ = {
			isa = PBXGroup;
			children = (
				B82D333B1E61319B0067A9AB /* PostCell.swift */,
			);
			name = View;
			sourceTree = "<group>";
		};
		B82D33381E5E90AD0067A9AB /* Model */ = {
			isa = PBXGroup;
			children = (
				B82D33391E5E90DB0067A9AB /* Post.swift */,
			);
			name = Model;
			sourceTree = "<group>";
		};
		B82D335D1E64E60C0067A9AB /* Services */ = {
			isa = PBXGroup;
			children = (
				B82D335E1E64E6310067A9AB /* DataServices.swift */,
			);
			name = Services;
			sourceTree = "<group>";
		};
		B8871BAC1E5E87FC0014F011 = {
			isa = PBXGroup;
			children = (
				B8871BB71E5E87FD0014F011 /* BucketList_NSUserDefaults_X8 */,
				B8871BB61E5E87FC0014F011 /* Products */,
			);
			sourceTree = "<group>";
		};
		B8871BB61E5E87FC0014F011 /* Products */ = {
			isa = PBXGroup;
			children = (
				B8871BB51E5E87FC0014F011 /* BucketList_NSUserDefaults_X8.app */,
			);
			name = Products;
			sourceTree = "<group>";
		};
		B8871BB71E5E87FD0014F011 /* BucketList_NSUserDefaults_X8 */ = {
			isa = PBXGroup;
			children = (
				B82D33381E5E90AD0067A9AB /* Model */,
				B82D33371E5E90960067A9AB /* View */,
				B82D33361E5E908F0067A9AB /* Controller */,
				B82D335D1E64E60C0067A9AB /* Services */,
				B8871BBC1E5E87FD0014F011 /* Main.storyboard */,
				B8871BB81E5E87FD0014F011 /* AppDelegate.swift */,
				B8871BBF1E5E87FD0014F011 /* Assets.xcassets */,
				B8871BC11E5E87FD0014F011 /* LaunchScreen.storyboard */,
				B8871BC41E5E87FD0014F011 /* Info.plist */,
			);
			path = BucketList_NSUserDefaults_X8;
			sourceTree = "<group>";
		};
/* End PBXGroup section */

/* Begin PBXNativeTarget section */
		B8871BB41E5E87FC0014F011 /* BucketList_NSUserDefaults_X8 */ = {
			isa = PBXNativeTarget;
			buildConfigurationList = B8871BC71E5E87FD0014F011 /* Build configuration list for PBXNativeTarget "BucketList_NSUserDefaults_X8" */;
			buildPhases = (
				B8871BB11E5E87FC0014F011 /* Sources */,
				B8871BB21E5E87FC0014F011 /* Frameworks */,
				B8871BB31E5E87FC0014F011 /* Resources */,
			);
			buildRules = (
			);
			dependencies = (
			);
			name = BucketList_NSUserDefaults_X8;
			productName = BucketList_NSUserDefaults_X8;
			productReference = B8871BB51E5E87FC0014F011 /* BucketList_NSUserDefaults_X8.app */;
			productType = "com.apple.product-type.application";
		};
/* End PBXNativeTarget section */

/* Begin PBXProject section */
		B8871BAD1E5E87FC0014F011 /* Project object */ = {
			isa = PBXProject;
			attributes = {
				LastSwiftUpdateCheck = 0820;
				LastUpgradeCheck = 0820;
				ORGANIZATIONNAME = PlayAgain;
				TargetAttributes = {
					B8871BB41E5E87FC0014F011 = {
						CreatedOnToolsVersion = 8.2;
						DevelopmentTeam = 3986475H8S;
						ProvisioningStyle = Automatic;
					};
				};
			};
			buildConfigurationList = B8871BB01E5E87FC0014F011 /* Build configuration list for PBXProject "BucketList_NSUserDefaults_X8" */;
			compatibilityVersion = "Xcode 3.2";
			developmentRegion = English;
			hasScannedForEncodings = 0;
			knownRegions = (
				en,
				Base,
			);
			mainGroup = B8871BAC1E5E87FC0014F011;
			productRefGroup = B8871BB61E5E87FC0014F011 /* Products */;
			projectDirPath = "";
			projectRoot = "";
			targets = (
				B8871BB41E5E87FC0014F011 /* BucketList_NSUserDefaults_X8 */,
			);
		};
/* End PBXProject section */

/* Begin PBXResourcesBuildPhase section */
		B8871BB31E5E87FC0014F011 /* Resources */ = {
			isa = PBXResourcesBuildPhase;
			buildActionMask = 2147483647;
			files = (
				B8871BC31E5E87FD0014F011 /* LaunchScreen.storyboard in Resources */,
				B8871BC01E5E87FD0014F011 /* Assets.xcassets in Resources */,
				B8871BBE1E5E87FD0014F011 /* Main.storyboard in Resources */,
			);
			runOnlyForDeploymentPostprocessing = 0;
		};
/* End PBXResourcesBuildPhase section */

/* Begin PBXSourcesBuildPhase section */
		B8871BB11E5E87FC0014F011 /* Sources */ = {
			isa = PBXSourcesBuildPhase;
			buildActionMask = 2147483647;
			files = (
				B82D333A1E5E90DB0067A9AB /* Post.swift in Sources */,
				B8871BBB1E5E87FD0014F011 /* ViewController.swift in Sources */,
				B8871BB91E5E87FD0014F011 /* AppDelegate.swift in Sources */,
				B82D335F1E64E6310067A9AB /* DataServices.swift in Sources */,
				B82D333C1E61319B0067A9AB /* PostCell.swift in Sources */,
				B82D333E1E613C880067A9AB /* PostVC.swift in Sources */,
			);
			runOnlyForDeploymentPostprocessing = 0;
		};
/* End PBXSourcesBuildPhase section */

/* Begin PBXVariantGroup section */
		B8871BBC1E5E87FD0014F011 /* Main.storyboard */ = {
			isa = PBXVariantGroup;
			children = (
				B8871BBD1E5E87FD0014F011 /* Base */,
			);
			name = Main.storyboard;
			sourceTree = "<group>";
		};
		B8871BC11E5E87FD0014F011 /* LaunchScreen.storyboard */ = {
			isa = PBXVariantGroup;
			children = (
				B8871BC21E5E87FD0014F011 /* Base */,
			);
			name = LaunchScreen.storyboard;
			sourceTree = "<group>";
		};
/* End PBXVariantGroup section */

/* Begin XCBuildConfiguration section */
		B8871BC51E5E87FD0014F011 /* Debug */ = {
			isa = XCBuildConfiguration;
			buildSettings = {
				ALWAYS_SEARCH_USER_PATHS = NO;
				CLANG_ANALYZER_NONNULL = YES;
				CLANG_CXX_LANGUAGE_STANDARD = "gnu++0x";
				CLANG_CXX_LIBRARY = "libc++";
				CLANG_ENABLE_MODULES = YES;
				CLANG_ENABLE_OBJC_ARC = YES;
				CLANG_WARN_BOOL_CONVERSION = YES;
				CLANG_WARN_CONSTANT_CONVERSION = YES;
				CLANG_WARN_DIRECT_OBJC_ISA_USAGE = YES_ERROR;
				CLANG_WARN_DOCUMENTATION_COMMENTS = YES;
				CLANG_WARN_EMPTY_BODY = YES;
				CLANG_WARN_ENUM_CONVERSION = YES;
				CLANG_WARN_INFINITE_RECURSION = YES;
				CLANG_WARN_INT_CONVERSION = YES;
				CLANG_WARN_OBJC_ROOT_CLASS = YES_ERROR;
				CLANG_WARN_SUSPICIOUS_MOVE = YES;
				CLANG_WARN_UNREACHABLE_CODE = YES;
				CLANG_WARN__DUPLICATE_METHOD_MATCH = YES;
				"CODE_SIGN_IDENTITY[sdk=iphoneos*]" = "iPhone Developer";
				COPY_PHASE_STRIP = NO;
				DEBUG_INFORMATION_FORMAT = dwarf;
				ENABLE_STRICT_OBJC_MSGSEND = YES;
				ENABLE_TESTABILITY = YES;
				GCC_C_LANGUAGE_STANDARD = gnu99;
				GCC_DYNAMIC_NO_PIC = NO;
				GCC_NO_COMMON_BLOCKS = YES;
				GCC_OPTIMIZATION_LEVEL = 0;
				GCC_PREPROCESSOR_DEFINITIONS = (
					"DEBUG=1",
					"$(inherited)",
				);
				GCC_WARN_64_TO_32_BIT_CONVERSION = YES;
				GCC_WARN_ABOUT_RETURN_TYPE = YES_ERROR;
				GCC_WARN_UNDECLARED_SELECTOR = YES;
				GCC_WARN_UNINITIALIZED_AUTOS = YES_AGGRESSIVE;
				GCC_WARN_UNUSED_FUNCTION = YES;
				GCC_WARN_UNUSED_VARIABLE = YES;
				IPHONEOS_DEPLOYMENT_TARGET = 10.2;
				MTL_ENABLE_DEBUG_INFO = YES;
				ONLY_ACTIVE_ARCH = YES;
				SDKROOT = iphoneos;
				SWIFT_ACTIVE_COMPILATION_CONDITIONS = DEBUG;
				SWIFT_OPTIMIZATION_LEVEL = "-Onone";
				TARGETED_DEVICE_FAMILY = "1,2";
			};
			name = Debug;
		};
		B8871BC61E5E87FD0014F011 /* Release */ = {
			isa = XCBuildConfiguration;
			buildSettings = {
				ALWAYS_SEARCH_USER_PATHS = NO;
				CLANG_ANALYZER_NONNULL = YES;
				CLANG_CXX_LANGUAGE_STANDARD = "gnu++0x";
				CLANG_CXX_LIBRARY = "libc++";
				CLANG_ENABLE_MODULES = YES;
				CLANG_ENABLE_OBJC_ARC = YES;
				CLANG_WARN_BOOL_CONVERSION = YES;
				CLANG_WARN_CONSTANT_CONVERSION = YES;
				CLANG_WARN_DIRECT_OBJC_ISA_USAGE = YES_ERROR;
				CLANG_WARN_DOCUMENTATION_COMMENTS = YES;
				CLANG_WARN_EMPTY_BODY = YES;
				CLANG_WARN_ENUM_CONVERSION = YES;
				CLANG_WARN_INFINITE_RECURSION = YES;
				CLANG_WARN_INT_CONVERSION = YES;
				CLANG_WARN_OBJC_ROOT_CLASS = YES_ERROR;
				CLANG_WARN_SUSPICIOUS_MOVE = YES;
				CLANG_WARN_UNREACHABLE_CODE = YES;
				CLANG_WARN__DUPLICATE_METHOD_MATCH = YES;
				"CODE_SIGN_IDENTITY[sdk=iphoneos*]" = "iPhone Developer";
				COPY_PHASE_STRIP = NO;
				DEBUG_INFORMATION_FORMAT = "dwarf-with-dsym";
				ENABLE_NS_ASSERTIONS = NO;
				ENABLE_STRICT_OBJC_MSGSEND = YES;
				GCC_C_LANGUAGE_STANDARD = gnu99;
				GCC_NO_COMMON_BLOCKS = YES;
				GCC_WARN_64_TO_32_BIT_CONVERSION = YES;
				GCC_WARN_ABOUT_RETURN_TYPE = YES_ERROR;
				GCC_WARN_UNDECLARED_SELECTOR = YES;
				GCC_WARN_UNINITIALIZED_AUTOS = YES_AGGRESSIVE;
				GCC_WARN_UNUSED_FUNCTION = YES;
				GCC_WARN_UNUSED_VARIABLE = YES;
				IPHONEOS_DEPLOYMENT_TARGET = 10.2;
				MTL_ENABLE_DEBUG_INFO = NO;
				SDKROOT = iphoneos;
				SWIFT_OPTIMIZATION_LEVEL = "-Owholemodule";
				TARGETED_DEVICE_FAMILY = "1,2";
				VALIDATE_PRODUCT = YES;
			};
			name = Release;
		};
		B8871BC81E5E87FD0014F011 /* Debug */ = {
			isa = XCBuildConfiguration;
			buildSettings = {
				ASSETCATALOG_COMPILER_APPICON_NAME = AppIcon;
				DEVELOPMENT_TEAM = 3986475H8S;
				INFOPLIST_FILE = BucketList_NSUserDefaults_X8/Info.plist;
				IPHONEOS_DEPLOYMENT_TARGET = 10.0;
				LD_RUNPATH_SEARCH_PATHS = "$(inherited) @executable_path/Frameworks";
				PRODUCT_BUNDLE_IDENTIFIER = "PlayAgain.BucketList-NSUserDefaults-X8";
				PRODUCT_NAME = "$(TARGET_NAME)";
				SWIFT_VERSION = 3.0;
			};
			name = Debug;
		};
		B8871BC91E5E87FD0014F011 /* Release */ = {
			isa = XCBuildConfiguration;
			buildSettings = {
				ASSETCATALOG_COMPILER_APPICON_NAME = AppIcon;
				DEVELOPMENT_TEAM = 3986475H8S;
				INFOPLIST_FILE = BucketList_NSUserDefaults_X8/Info.plist;
				IPHONEOS_DEPLOYMENT_TARGET = 10.0;
				LD_RUNPATH_SEARCH_PATHS = "$(inherited) @executable_path/Frameworks";
				PRODUCT_BUNDLE_IDENTIFIER = "PlayAgain.BucketList-NSUserDefaults-X8";
				PRODUCT_NAME = "$(TARGET_NAME)";
				SWIFT_VERSION = 3.0;
			};
			name = Release;
		};
/* End XCBuildConfiguration section */

/* Begin XCConfigurationList section */
		B8871BB01E5E87FC0014F011 /* Build configuration list for PBXProject "BucketList_NSUserDefaults_X8" */ = {
			isa = XCConfigurationList;
			buildConfigurations = (
				B8871BC51E5E87FD0014F011 /* Debug */,
				B8871BC61E5E87FD0014F011 /* Release */,
			);
			defaultConfigurationIsVisible = 0;
			defaultConfigurationName = Release;
		};
		B8871BC71E5E87FD0014F011 /* Build configuration list for PBXNativeTarget "BucketList_NSUserDefaults_X8" */ = {
			isa = XCConfigurationList;
			buildConfigurations = (
				B8871BC81E5E87FD0014F011 /* Debug */,
				B8871BC91E5E87FD0014F011 /* Release */,
			);
			defaultConfigurationIsVisible = 0;
			defaultConfigurationName = Release;
		};
/* End XCConfigurationList section */
	};
	rootObject = B8871BAD1E5E87FC0014F011 /* Project object */;
}
